
Microsoft Visual Studio Solution File, Format Version 12.00
# Visual Studio Version 17
VisualStudioVersion = 17.6.33829.357
MinimumVisualStudioVersion = 10.0.40219.1
Project("{FAE04EC0-301F-11D3-BF4B-00C04F79EFBC}") = "TheLibrary", "TheLibrary\TheLibrary.csproj", "{CB752B93-C7BD-424E-A96F-109A074FABFE}"
EndProject
Global
	GlobalSection(SolutionConfigurationPlatforms) = preSolution
		Debug|Any CPU = Debug|Any CPU
		Release|Any CPU = Release|Any CPU
	EndGlobalSection
	GlobalSection(ProjectConfigurationPlatforms) = postSolution
		{CB752B93-C7BD-424E-A96F-109A074FABFE}.Debug|Any CPU.ActiveCfg = Debug|Any CPU
		{CB752B93-C7BD-424E-A96F-109A074FABFE}.Debug|Any CPU.Build.0 = Debug|Any CPU
		{CB752B93-C7BD-424E-A96F-109A074FABFE}.Release|Any CPU.ActiveCfg = Release|Any CPU
		{CB752B93-C7BD-424E-A96F-109A074FABFE}.Release|Any CPU.Build.0 = Release|Any CPU
	EndGlobalSection
	GlobalSection(SolutionProperties) = preSolution
		HideSolutionNode = FALSE
	EndGlobalSection
	GlobalSection(ExtensibilityGlobals) = postSolution
		SolutionGuid = {A62E08A1-A769-4BEC-9982-D0A2F0F9AA70}
	EndGlobalSection
EndGlobal
